// !$*UTF8*$!
{
	archiveVersion = 1;
	classes = {
	};
	objectVersion = 60;
	objects = {

/* Begin PBXBuildFile section */
		720663322B16B97400F5CF6C /* RetornoDaApi.swift in Sources */ = {isa = PBXBuildFile; fileRef = 720663262B16B97300F5CF6C /* RetornoDaApi.swift */; };
		720663332B16B97400F5CF6C /* Telefones.swift in Sources */ = {isa = PBXBuildFile; fileRef = 720663272B16B97300F5CF6C /* Telefones.swift */; };
		720663342B16B97400F5CF6C /* BlocoParlamentar.swift in Sources */ = {isa = PBXBuildFile; fileRef = 720663282B16B97300F5CF6C /* BlocoParlamentar.swift */; };
		720663352B16B97400F5CF6C /* Senador.swift in Sources */ = {isa = PBXBuildFile; fileRef = 720663292B16B97300F5CF6C /* Senador.swift */; };
		720663362B16B97400F5CF6C /* Suplentes.swift in Sources */ = {isa = PBXBuildFile; fileRef = 7206632A2B16B97300F5CF6C /* Suplentes.swift */; };
		720663372B16B97400F5CF6C /* DescrMandato.swift in Sources */ = {isa = PBXBuildFile; fileRef = 7206632B2B16B97300F5CF6C /* DescrMandato.swift */; };
		720663382B16B97400F5CF6C /* ModelErrors.swift in Sources */ = {isa = PBXBuildFile; fileRef = 7206632C2B16B97300F5CF6C /* ModelErrors.swift */; };
		720663392B16B97400F5CF6C /* TipoMetadados.swift in Sources */ = {isa = PBXBuildFile; fileRef = 7206632D2B16B97300F5CF6C /* TipoMetadados.swift */; };
		7206633A2B16B97400F5CF6C /* TipoParlamentares.swift in Sources */ = {isa = PBXBuildFile; fileRef = 7206632E2B16B97300F5CF6C /* TipoParlamentares.swift */; };
		7206633B2B16B97400F5CF6C /* Legislatura.swift in Sources */ = {isa = PBXBuildFile; fileRef = 7206632F2B16B97300F5CF6C /* Legislatura.swift */; };
		7206633C2B16B97400F5CF6C /* Exercicios.swift in Sources */ = {isa = PBXBuildFile; fileRef = 720663302B16B97400F5CF6C /* Exercicios.swift */; };
		7206633D2B16B97400F5CF6C /* IdentSenador.swift in Sources */ = {isa = PBXBuildFile; fileRef = 720663312B16B97400F5CF6C /* IdentSenador.swift */; };
		720663402B16B98300F5CF6C /* SenadorListService.swift in Sources */ = {isa = PBXBuildFile; fileRef = 7206633F2B16B98300F5CF6C /* SenadorListService.swift */; };
		720663432B16B98F00F5CF6C /* ImageManager.swift in Sources */ = {isa = PBXBuildFile; fileRef = 720663422B16B98F00F5CF6C /* ImageManager.swift */; };
		720663472B16BA8100F5CF6C /* SenadorListView.swift in Sources */ = {isa = PBXBuildFile; fileRef = 720663462B16BA8100F5CF6C /* SenadorListView.swift */; };
		720663492B16BA9200F5CF6C /* SenadorListItemView.swift in Sources */ = {isa = PBXBuildFile; fileRef = 720663482B16BA9200F5CF6C /* SenadorListItemView.swift */; };
		7206634B2B16DE4100F5CF6C /* SenadorListViewModel.swift in Sources */ = {isa = PBXBuildFile; fileRef = 7206634A2B16DE4100F5CF6C /* SenadorListViewModel.swift */; };
		72148D9F2B168B92009F2F23 /* IESB2023_iOS_TrabModulo2App.swift in Sources */ = {isa = PBXBuildFile; fileRef = 72148D9E2B168B92009F2F23 /* IESB2023_iOS_TrabModulo2App.swift */; };
		72148DA32B168B94009F2F23 /* Assets.xcassets in Resources */ = {isa = PBXBuildFile; fileRef = 72148DA22B168B94009F2F23 /* Assets.xcassets */; };
		72148DA62B168B94009F2F23 /* Preview Assets.xcassets in Resources */ = {isa = PBXBuildFile; fileRef = 72148DA52B168B94009F2F23 /* Preview Assets.xcassets */; };
		72148DA82B168B94009F2F23 /* Persistence.swift in Sources */ = {isa = PBXBuildFile; fileRef = 72148DA72B168B94009F2F23 /* Persistence.swift */; };
		72148DAB2B168B94009F2F23 /* IESB2023_iOS_TrabModulo2.xcdatamodeld in Sources */ = {isa = PBXBuildFile; fileRef = 72148DA92B168B94009F2F23 /* IESB2023_iOS_TrabModulo2.xcdatamodeld */; };
		72148DB52B168B94009F2F23 /* IESB2023_iOS_TrabModulo2Tests.swift in Sources */ = {isa = PBXBuildFile; fileRef = 72148DB42B168B94009F2F23 /* IESB2023_iOS_TrabModulo2Tests.swift */; };
		72148DBF2B168B94009F2F23 /* IESB2023_iOS_TrabModulo2UITests.swift in Sources */ = {isa = PBXBuildFile; fileRef = 72148DBE2B168B94009F2F23 /* IESB2023_iOS_TrabModulo2UITests.swift */; };
		72148DC12B168B94009F2F23 /* IESB2023_iOS_TrabModulo2UITestsLaunchTests.swift in Sources */ = {isa = PBXBuildFile; fileRef = 72148DC02B168B94009F2F23 /* IESB2023_iOS_TrabModulo2UITestsLaunchTests.swift */; };
		723CF5E02B1693AB00F872CD /* README.md in Resources */ = {isa = PBXBuildFile; fileRef = 723CF5DF2B1693AB00F872CD /* README.md */; };
		723CF5E22B1693C700F872CD /* LICENSE in Resources */ = {isa = PBXBuildFile; fileRef = 723CF5E12B1693C600F872CD /* LICENSE */; };
		72640ABA2B1D41ED00408C5F /* ParOuImpar.swift in Sources */ = {isa = PBXBuildFile; fileRef = 72640AB92B1D41ED00408C5F /* ParOuImpar.swift */; };
		728381C12B1C243F00E141A6 /* SenadorListNavigationStack.swift in Sources */ = {isa = PBXBuildFile; fileRef = 728381C02B1C243F00E141A6 /* SenadorListNavigationStack.swift */; };
		72A2A6302B17149400C443F2 /* SenadorListDetailView.swift in Sources */ = {isa = PBXBuildFile; fileRef = 72A2A62F2B17149400C443F2 /* SenadorListDetailView.swift */; };
/* End PBXBuildFile section */

/* Begin PBXContainerItemProxy section */
		72148DB12B168B94009F2F23 /* PBXContainerItemProxy */ = {
			isa = PBXContainerItemProxy;
			containerPortal = 72148D932B168B92009F2F23 /* Project object */;
			proxyType = 1;
			remoteGlobalIDString = 72148D9A2B168B92009F2F23;
			remoteInfo = "IESB2023-iOS-TrabModulo2";
		};
		72148DBB2B168B94009F2F23 /* PBXContainerItemProxy */ = {
			isa = PBXContainerItemProxy;
			containerPortal = 72148D932B168B92009F2F23 /* Project object */;
			proxyType = 1;
			remoteGlobalIDString = 72148D9A2B168B92009F2F23;
			remoteInfo = "IESB2023-iOS-TrabModulo2";
		};
/* End PBXContainerItemProxy section */

/* Begin PBXFileReference section */
		720663262B16B97300F5CF6C /* RetornoDaApi.swift */ = {isa = PBXFileReference; fileEncoding = 4; lastKnownFileType = sourcecode.swift; path = RetornoDaApi.swift; sourceTree = "<group>"; };
		720663272B16B97300F5CF6C /* Telefones.swift */ = {isa = PBXFileReference; fileEncoding = 4; lastKnownFileType = sourcecode.swift; path = Telefones.swift; sourceTree = "<group>"; };
		720663282B16B97300F5CF6C /* BlocoParlamentar.swift */ = {isa = PBXFileReference; fileEncoding = 4; lastKnownFileType = sourcecode.swift; path = BlocoParlamentar.swift; sourceTree = "<group>"; };
		720663292B16B97300F5CF6C /* Senador.swift */ = {isa = PBXFileReference; fileEncoding = 4; lastKnownFileType = sourcecode.swift; path = Senador.swift; sourceTree = "<group>"; };
		7206632A2B16B97300F5CF6C /* Suplentes.swift */ = {isa = PBXFileReference; fileEncoding = 4; lastKnownFileType = sourcecode.swift; path = Suplentes.swift; sourceTree = "<group>"; };
		7206632B2B16B97300F5CF6C /* DescrMandato.swift */ = {isa = PBXFileReference; fileEncoding = 4; lastKnownFileType = sourcecode.swift; path = DescrMandato.swift; sourceTree = "<group>"; };
		7206632C2B16B97300F5CF6C /* ModelErrors.swift */ = {isa = PBXFileReference; fileEncoding = 4; lastKnownFileType = sourcecode.swift; path = ModelErrors.swift; sourceTree = "<group>"; };
		7206632D2B16B97300F5CF6C /* TipoMetadados.swift */ = {isa = PBXFileReference; fileEncoding = 4; lastKnownFileType = sourcecode.swift; path = TipoMetadados.swift; sourceTree = "<group>"; };
		7206632E2B16B97300F5CF6C /* TipoParlamentares.swift */ = {isa = PBXFileReference; fileEncoding = 4; lastKnownFileType = sourcecode.swift; path = TipoParlamentares.swift; sourceTree = "<group>"; };
		7206632F2B16B97300F5CF6C /* Legislatura.swift */ = {isa = PBXFileReference; fileEncoding = 4; lastKnownFileType = sourcecode.swift; path = Legislatura.swift; sourceTree = "<group>"; };
		720663302B16B97400F5CF6C /* Exercicios.swift */ = {isa = PBXFileReference; fileEncoding = 4; lastKnownFileType = sourcecode.swift; path = Exercicios.swift; sourceTree = "<group>"; };
		720663312B16B97400F5CF6C /* IdentSenador.swift */ = {isa = PBXFileReference; fileEncoding = 4; lastKnownFileType = sourcecode.swift; path = IdentSenador.swift; sourceTree = "<group>"; };
		7206633F2B16B98300F5CF6C /* SenadorListService.swift */ = {isa = PBXFileReference; fileEncoding = 4; lastKnownFileType = sourcecode.swift; path = SenadorListService.swift; sourceTree = "<group>"; };
		720663422B16B98F00F5CF6C /* ImageManager.swift */ = {isa = PBXFileReference; fileEncoding = 4; lastKnownFileType = sourcecode.swift; path = ImageManager.swift; sourceTree = "<group>"; };
		720663462B16BA8100F5CF6C /* SenadorListView.swift */ = {isa = PBXFileReference; lastKnownFileType = sourcecode.swift; path = SenadorListView.swift; sourceTree = "<group>"; };
		720663482B16BA9200F5CF6C /* SenadorListItemView.swift */ = {isa = PBXFileReference; lastKnownFileType = sourcecode.swift; path = SenadorListItemView.swift; sourceTree = "<group>"; };
		7206634A2B16DE4100F5CF6C /* SenadorListViewModel.swift */ = {isa = PBXFileReference; lastKnownFileType = sourcecode.swift; path = SenadorListViewModel.swift; sourceTree = "<group>"; };
		72148D9B2B168B92009F2F23 /* IESB2023-iOS-TrabModulo2.app */ = {isa = PBXFileReference; explicitFileType = wrapper.application; includeInIndex = 0; path = "IESB2023-iOS-TrabModulo2.app"; sourceTree = BUILT_PRODUCTS_DIR; };
		72148D9E2B168B92009F2F23 /* IESB2023_iOS_TrabModulo2App.swift */ = {isa = PBXFileReference; lastKnownFileType = sourcecode.swift; path = IESB2023_iOS_TrabModulo2App.swift; sourceTree = "<group>"; };
		72148DA22B168B94009F2F23 /* Assets.xcassets */ = {isa = PBXFileReference; lastKnownFileType = folder.assetcatalog; path = Assets.xcassets; sourceTree = "<group>"; };
		72148DA52B168B94009F2F23 /* Preview Assets.xcassets */ = {isa = PBXFileReference; lastKnownFileType = folder.assetcatalog; path = "Preview Assets.xcassets"; sourceTree = "<group>"; };
		72148DA72B168B94009F2F23 /* Persistence.swift */ = {isa = PBXFileReference; lastKnownFileType = sourcecode.swift; path = Persistence.swift; sourceTree = "<group>"; };
		72148DAA2B168B94009F2F23 /* IESB2023_iOS_TrabModulo2.xcdatamodel */ = {isa = PBXFileReference; lastKnownFileType = wrapper.xcdatamodel; path = IESB2023_iOS_TrabModulo2.xcdatamodel; sourceTree = "<group>"; };
		72148DB02B168B94009F2F23 /* IESB2023-iOS-TrabModulo2Tests.xctest */ = {isa = PBXFileReference; explicitFileType = wrapper.cfbundle; includeInIndex = 0; path = "IESB2023-iOS-TrabModulo2Tests.xctest"; sourceTree = BUILT_PRODUCTS_DIR; };
		72148DB42B168B94009F2F23 /* IESB2023_iOS_TrabModulo2Tests.swift */ = {isa = PBXFileReference; lastKnownFileType = sourcecode.swift; path = IESB2023_iOS_TrabModulo2Tests.swift; sourceTree = "<group>"; };
		72148DBA2B168B94009F2F23 /* IESB2023-iOS-TrabModulo2UITests.xctest */ = {isa = PBXFileReference; explicitFileType = wrapper.cfbundle; includeInIndex = 0; path = "IESB2023-iOS-TrabModulo2UITests.xctest"; sourceTree = BUILT_PRODUCTS_DIR; };
		72148DBE2B168B94009F2F23 /* IESB2023_iOS_TrabModulo2UITests.swift */ = {isa = PBXFileReference; lastKnownFileType = sourcecode.swift; path = IESB2023_iOS_TrabModulo2UITests.swift; sourceTree = "<group>"; };
		72148DC02B168B94009F2F23 /* IESB2023_iOS_TrabModulo2UITestsLaunchTests.swift */ = {isa = PBXFileReference; lastKnownFileType = sourcecode.swift; path = IESB2023_iOS_TrabModulo2UITestsLaunchTests.swift; sourceTree = "<group>"; };
		723CF5DF2B1693AB00F872CD /* README.md */ = {isa = PBXFileReference; fileEncoding = 4; lastKnownFileType = net.daringfireball.markdown; path = README.md; sourceTree = SOURCE_ROOT; };
		723CF5E12B1693C600F872CD /* LICENSE */ = {isa = PBXFileReference; fileEncoding = 4; lastKnownFileType = text; path = LICENSE; sourceTree = SOURCE_ROOT; };
		72640AB92B1D41ED00408C5F /* ParOuImpar.swift */ = {isa = PBXFileReference; lastKnownFileType = sourcecode.swift; path = ParOuImpar.swift; sourceTree = "<group>"; };
		728381C02B1C243F00E141A6 /* SenadorListNavigationStack.swift */ = {isa = PBXFileReference; fileEncoding = 4; lastKnownFileType = sourcecode.swift; path = SenadorListNavigationStack.swift; sourceTree = "<group>"; };
		72A2A62F2B17149400C443F2 /* SenadorListDetailView.swift */ = {isa = PBXFileReference; lastKnownFileType = sourcecode.swift; path = SenadorListDetailView.swift; sourceTree = "<group>"; };
/* End PBXFileReference section */

/* Begin PBXFrameworksBuildPhase section */
		72148D982B168B92009F2F23 /* Frameworks */ = {
			isa = PBXFrameworksBuildPhase;
			buildActionMask = 2147483647;
			files = (
			);
			runOnlyForDeploymentPostprocessing = 0;
		};
		72148DAD2B168B94009F2F23 /* Frameworks */ = {
			isa = PBXFrameworksBuildPhase;
			buildActionMask = 2147483647;
			files = (
			);
			runOnlyForDeploymentPostprocessing = 0;
		};
		72148DB72B168B94009F2F23 /* Frameworks */ = {
			isa = PBXFrameworksBuildPhase;
			buildActionMask = 2147483647;
			files = (
			);
			runOnlyForDeploymentPostprocessing = 0;
		};
/* End PBXFrameworksBuildPhase section */

/* Begin PBXGroup section */
		720663252B16B97300F5CF6C /* Models */ = {
			isa = PBXGroup;
			children = (
				720663262B16B97300F5CF6C /* RetornoDaApi.swift */,
				720663272B16B97300F5CF6C /* Telefones.swift */,
				720663282B16B97300F5CF6C /* BlocoParlamentar.swift */,
				720663292B16B97300F5CF6C /* Senador.swift */,
				7206632A2B16B97300F5CF6C /* Suplentes.swift */,
				7206632B2B16B97300F5CF6C /* DescrMandato.swift */,
				7206632C2B16B97300F5CF6C /* ModelErrors.swift */,
				7206632D2B16B97300F5CF6C /* TipoMetadados.swift */,
				7206632E2B16B97300F5CF6C /* TipoParlamentares.swift */,
				7206632F2B16B97300F5CF6C /* Legislatura.swift */,
				720663302B16B97400F5CF6C /* Exercicios.swift */,
				720663312B16B97400F5CF6C /* IdentSenador.swift */,
			);
			path = Models;
			sourceTree = "<group>";
		};
		7206633E2B16B98300F5CF6C /* Services */ = {
			isa = PBXGroup;
			children = (
				7206633F2B16B98300F5CF6C /* SenadorListService.swift */,
			);
			path = Services;
			sourceTree = "<group>";
		};
		720663412B16B98F00F5CF6C /* Utility */ = {
			isa = PBXGroup;
			children = (
				720663422B16B98F00F5CF6C /* ImageManager.swift */,
				72640AB92B1D41ED00408C5F /* ParOuImpar.swift */,
			);
			path = Utility;
			sourceTree = "<group>";
		};
		720663452B16B9E200F5CF6C /* Views */ = {
			isa = PBXGroup;
			children = (
				72A2A62F2B17149400C443F2 /* SenadorListDetailView.swift */,
				720663482B16BA9200F5CF6C /* SenadorListItemView.swift */,
				728381C02B1C243F00E141A6 /* SenadorListNavigationStack.swift */,
				720663462B16BA8100F5CF6C /* SenadorListView.swift */,
				7206634A2B16DE4100F5CF6C /* SenadorListViewModel.swift */,
			);
			path = Views;
			sourceTree = "<group>";
		};
		72148D922B168B92009F2F23 = {
			isa = PBXGroup;
			children = (
				72148D9D2B168B92009F2F23 /* IESB2023-iOS-TrabModulo2 */,
				72148DB32B168B94009F2F23 /* IESB2023-iOS-TrabModulo2Tests */,
				72148DBD2B168B94009F2F23 /* IESB2023-iOS-TrabModulo2UITests */,
				72148D9C2B168B92009F2F23 /* Products */,
			);
			sourceTree = "<group>";
		};
		72148D9C2B168B92009F2F23 /* Products */ = {
			isa = PBXGroup;
			children = (
				72148D9B2B168B92009F2F23 /* IESB2023-iOS-TrabModulo2.app */,
				72148DB02B168B94009F2F23 /* IESB2023-iOS-TrabModulo2Tests.xctest */,
				72148DBA2B168B94009F2F23 /* IESB2023-iOS-TrabModulo2UITests.xctest */,
			);
			name = Products;
			sourceTree = "<group>";
		};
		72148D9D2B168B92009F2F23 /* IESB2023-iOS-TrabModulo2 */ = {
			isa = PBXGroup;
			children = (
				72148D9E2B168B92009F2F23 /* IESB2023_iOS_TrabModulo2App.swift */,
				720663452B16B9E200F5CF6C /* Views */,
				723CF5E12B1693C600F872CD /* LICENSE */,
				723CF5DF2B1693AB00F872CD /* README.md */,
				720663412B16B98F00F5CF6C /* Utility */,
				7206633E2B16B98300F5CF6C /* Services */,
				720663252B16B97300F5CF6C /* Models */,
				72148DA22B168B94009F2F23 /* Assets.xcassets */,
				72148DA72B168B94009F2F23 /* Persistence.swift */,
				72148DA92B168B94009F2F23 /* IESB2023_iOS_TrabModulo2.xcdatamodeld */,
				72148DA42B168B94009F2F23 /* Preview Content */,
			);
			path = "IESB2023-iOS-TrabModulo2";
			sourceTree = "<group>";
		};
		72148DA42B168B94009F2F23 /* Preview Content */ = {
			isa = PBXGroup;
			children = (
				72148DA52B168B94009F2F23 /* Preview Assets.xcassets */,
			);
			path = "Preview Content";
			sourceTree = "<group>";
		};
		72148DB32B168B94009F2F23 /* IESB2023-iOS-TrabModulo2Tests */ = {
			isa = PBXGroup;
			children = (
				72148DB42B168B94009F2F23 /* IESB2023_iOS_TrabModulo2Tests.swift */,
			);
			path = "IESB2023-iOS-TrabModulo2Tests";
			sourceTree = "<group>";
		};
		72148DBD2B168B94009F2F23 /* IESB2023-iOS-TrabModulo2UITests */ = {
			isa = PBXGroup;
			children = (
				72148DBE2B168B94009F2F23 /* IESB2023_iOS_TrabModulo2UITests.swift */,
				72148DC02B168B94009F2F23 /* IESB2023_iOS_TrabModulo2UITestsLaunchTests.swift */,
			);
			path = "IESB2023-iOS-TrabModulo2UITests";
			sourceTree = "<group>";
		};
/* End PBXGroup section */

/* Begin PBXNativeTarget section */
		72148D9A2B168B92009F2F23 /* IESB2023-iOS-TrabModulo2 */ = {
			isa = PBXNativeTarget;
			buildConfigurationList = 72148DC42B168B94009F2F23 /* Build configuration list for PBXNativeTarget "IESB2023-iOS-TrabModulo2" */;
			buildPhases = (
				72148D972B168B92009F2F23 /* Sources */,
				72148D982B168B92009F2F23 /* Frameworks */,
				72148D992B168B92009F2F23 /* Resources */,
			);
			buildRules = (
			);
			dependencies = (
			);
			name = "IESB2023-iOS-TrabModulo2";
			productName = "IESB2023-iOS-TrabModulo2";
			productReference = 72148D9B2B168B92009F2F23 /* IESB2023-iOS-TrabModulo2.app */;
			productType = "com.apple.product-type.application";
		};
		72148DAF2B168B94009F2F23 /* IESB2023-iOS-TrabModulo2Tests */ = {
			isa = PBXNativeTarget;
			buildConfigurationList = 72148DC72B168B94009F2F23 /* Build configuration list for PBXNativeTarget "IESB2023-iOS-TrabModulo2Tests" */;
			buildPhases = (
				72148DAC2B168B94009F2F23 /* Sources */,
				72148DAD2B168B94009F2F23 /* Frameworks */,
				72148DAE2B168B94009F2F23 /* Resources */,
			);
			buildRules = (
			);
			dependencies = (
				72148DB22B168B94009F2F23 /* PBXTargetDependency */,
			);
			name = "IESB2023-iOS-TrabModulo2Tests";
			productName = "IESB2023-iOS-TrabModulo2Tests";
			productReference = 72148DB02B168B94009F2F23 /* IESB2023-iOS-TrabModulo2Tests.xctest */;
			productType = "com.apple.product-type.bundle.unit-test";
		};
		72148DB92B168B94009F2F23 /* IESB2023-iOS-TrabModulo2UITests */ = {
			isa = PBXNativeTarget;
			buildConfigurationList = 72148DCA2B168B94009F2F23 /* Build configuration list for PBXNativeTarget "IESB2023-iOS-TrabModulo2UITests" */;
			buildPhases = (
				72148DB62B168B94009F2F23 /* Sources */,
				72148DB72B168B94009F2F23 /* Frameworks */,
				72148DB82B168B94009F2F23 /* Resources */,
			);
			buildRules = (
			);
			dependencies = (
				72148DBC2B168B94009F2F23 /* PBXTargetDependency */,
			);
			name = "IESB2023-iOS-TrabModulo2UITests";
			productName = "IESB2023-iOS-TrabModulo2UITests";
			productReference = 72148DBA2B168B94009F2F23 /* IESB2023-iOS-TrabModulo2UITests.xctest */;
			productType = "com.apple.product-type.bundle.ui-testing";
		};
/* End PBXNativeTarget section */

/* Begin PBXProject section */
		72148D932B168B92009F2F23 /* Project object */ = {
			isa = PBXProject;
			attributes = {
				BuildIndependentTargetsInParallel = 1;
				LastSwiftUpdateCheck = 1500;
				LastUpgradeCheck = 1500;
				TargetAttributes = {
					72148D9A2B168B92009F2F23 = {
						CreatedOnToolsVersion = 15.0.1;
					};
					72148DAF2B168B94009F2F23 = {
						CreatedOnToolsVersion = 15.0.1;
						TestTargetID = 72148D9A2B168B92009F2F23;
					};
					72148DB92B168B94009F2F23 = {
						CreatedOnToolsVersion = 15.0.1;
						TestTargetID = 72148D9A2B168B92009F2F23;
					};
				};
			};
			buildConfigurationList = 72148D962B168B92009F2F23 /* Build configuration list for PBXProject "IESB2023-iOS-TrabModulo2" */;
			compatibilityVersion = "Xcode 15.0";
			developmentRegion = en;
			hasScannedForEncodings = 0;
			knownRegions = (
				en,
				Base,
			);
			mainGroup = 72148D922B168B92009F2F23;
			productRefGroup = 72148D9C2B168B92009F2F23 /* Products */;
			projectDirPath = "";
			projectRoot = "";
			targets = (
				72148D9A2B168B92009F2F23 /* IESB2023-iOS-TrabModulo2 */,
				72148DAF2B168B94009F2F23 /* IESB2023-iOS-TrabModulo2Tests */,
				72148DB92B168B94009F2F23 /* IESB2023-iOS-TrabModulo2UITests */,
			);
		};
/* End PBXProject section */

/* Begin PBXResourcesBuildPhase section */
		72148D992B168B92009F2F23 /* Resources */ = {
			isa = PBXResourcesBuildPhase;
			buildActionMask = 2147483647;
			files = (
				723CF5E02B1693AB00F872CD /* README.md in Resources */,
				72148DA62B168B94009F2F23 /* Preview Assets.xcassets in Resources */,
				723CF5E22B1693C700F872CD /* LICENSE in Resources */,
				72148DA32B168B94009F2F23 /* Assets.xcassets in Resources */,
			);
			runOnlyForDeploymentPostprocessing = 0;
		};
		72148DAE2B168B94009F2F23 /* Resources */ = {
			isa = PBXResourcesBuildPhase;
			buildActionMask = 2147483647;
			files = (
			);
			runOnlyForDeploymentPostprocessing = 0;
		};
		72148DB82B168B94009F2F23 /* Resources */ = {
			isa = PBXResourcesBuildPhase;
			buildActionMask = 2147483647;
			files = (
			);
			runOnlyForDeploymentPostprocessing = 0;
		};
/* End PBXResourcesBuildPhase section */

/* Begin PBXSourcesBuildPhase section */
		72148D972B168B92009F2F23 /* Sources */ = {
			isa = PBXSourcesBuildPhase;
			buildActionMask = 2147483647;
			files = (
				720663372B16B97400F5CF6C /* DescrMandato.swift in Sources */,
				7206634B2B16DE4100F5CF6C /* SenadorListViewModel.swift in Sources */,
				728381C12B1C243F00E141A6 /* SenadorListNavigationStack.swift in Sources */,
				72148DA82B168B94009F2F23 /* Persistence.swift in Sources */,
				720663432B16B98F00F5CF6C /* ImageManager.swift in Sources */,
				720663342B16B97400F5CF6C /* BlocoParlamentar.swift in Sources */,
				720663392B16B97400F5CF6C /* TipoMetadados.swift in Sources */,
				720663492B16BA9200F5CF6C /* SenadorListItemView.swift in Sources */,
				7206633A2B16B97400F5CF6C /* TipoParlamentares.swift in Sources */,
				720663322B16B97400F5CF6C /* RetornoDaApi.swift in Sources */,
				720663472B16BA8100F5CF6C /* SenadorListView.swift in Sources */,
				720663352B16B97400F5CF6C /* Senador.swift in Sources */,
				72640ABA2B1D41ED00408C5F /* ParOuImpar.swift in Sources */,
				72A2A6302B17149400C443F2 /* SenadorListDetailView.swift in Sources */,
				7206633C2B16B97400F5CF6C /* Exercicios.swift in Sources */,
				72148D9F2B168B92009F2F23 /* IESB2023_iOS_TrabModulo2App.swift in Sources */,
				720663382B16B97400F5CF6C /* ModelErrors.swift in Sources */,
				720663402B16B98300F5CF6C /* SenadorListService.swift in Sources */,
				72148DAB2B168B94009F2F23 /* IESB2023_iOS_TrabModulo2.xcdatamodeld in Sources */,
				720663332B16B97400F5CF6C /* Telefones.swift in Sources */,
				7206633D2B16B97400F5CF6C /* IdentSenador.swift in Sources */,
				720663362B16B97400F5CF6C /* Suplentes.swift in Sources */,
				7206633B2B16B97400F5CF6C /* Legislatura.swift in Sources */,
			);
			runOnlyForDeploymentPostprocessing = 0;
		};
		72148DAC2B168B94009F2F23 /* Sources */ = {
			isa = PBXSourcesBuildPhase;
			buildActionMask = 2147483647;
			files = (
				72148DB52B168B94009F2F23 /* IESB2023_iOS_TrabModulo2Tests.swift in Sources */,
			);
			runOnlyForDeploymentPostprocessing = 0;
		};
		72148DB62B168B94009F2F23 /* Sources */ = {
			isa = PBXSourcesBuildPhase;
			buildActionMask = 2147483647;
			files = (
				72148DC12B168B94009F2F23 /* IESB2023_iOS_TrabModulo2UITestsLaunchTests.swift in Sources */,
				72148DBF2B168B94009F2F23 /* IESB2023_iOS_TrabModulo2UITests.swift in Sources */,
			);
			runOnlyForDeploymentPostprocessing = 0;
		};
/* End PBXSourcesBuildPhase section */

/* Begin PBXTargetDependency section */
		72148DB22B168B94009F2F23 /* PBXTargetDependency */ = {
			isa = PBXTargetDependency;
			target = 72148D9A2B168B92009F2F23 /* IESB2023-iOS-TrabModulo2 */;
			targetProxy = 72148DB12B168B94009F2F23 /* PBXContainerItemProxy */;
		};
		72148DBC2B168B94009F2F23 /* PBXTargetDependency */ = {
			isa = PBXTargetDependency;
			target = 72148D9A2B168B92009F2F23 /* IESB2023-iOS-TrabModulo2 */;
			targetProxy = 72148DBB2B168B94009F2F23 /* PBXContainerItemProxy */;
		};
/* End PBXTargetDependency section */

/* Begin XCBuildConfiguration section */
		72148DC22B168B94009F2F23 /* Debug */ = {
			isa = XCBuildConfiguration;
			buildSettings = {
				ALWAYS_SEARCH_USER_PATHS = NO;
				ASSETCATALOG_COMPILER_GENERATE_SWIFT_ASSET_SYMBOL_EXTENSIONS = YES;
				CLANG_ANALYZER_NONNULL = YES;
				CLANG_ANALYZER_NUMBER_OBJECT_CONVERSION = YES_AGGRESSIVE;
				CLANG_CXX_LANGUAGE_STANDARD = "gnu++20";
				CLANG_ENABLE_MODULES = YES;
				CLANG_ENABLE_OBJC_ARC = YES;
				CLANG_ENABLE_OBJC_WEAK = YES;
				CLANG_WARN_BLOCK_CAPTURE_AUTORELEASING = YES;
				CLANG_WARN_BOOL_CONVERSION = YES;
				CLANG_WARN_COMMA = YES;
				CLANG_WARN_CONSTANT_CONVERSION = YES;
				CLANG_WARN_DEPRECATED_OBJC_IMPLEMENTATIONS = YES;
				CLANG_WARN_DIRECT_OBJC_ISA_USAGE = YES_ERROR;
				CLANG_WARN_DOCUMENTATION_COMMENTS = YES;
				CLANG_WARN_EMPTY_BODY = YES;
				CLANG_WARN_ENUM_CONVERSION = YES;
				CLANG_WARN_INFINITE_RECURSION = YES;
				CLANG_WARN_INT_CONVERSION = YES;
				CLANG_WARN_NON_LITERAL_NULL_CONVERSION = YES;
				CLANG_WARN_OBJC_IMPLICIT_RETAIN_SELF = YES;
				CLANG_WARN_OBJC_LITERAL_CONVERSION = YES;
				CLANG_WARN_OBJC_ROOT_CLASS = YES_ERROR;
				CLANG_WARN_QUOTED_INCLUDE_IN_FRAMEWORK_HEADER = YES;
				CLANG_WARN_RANGE_LOOP_ANALYSIS = YES;
				CLANG_WARN_STRICT_PROTOTYPES = YES;
				CLANG_WARN_SUSPICIOUS_MOVE = YES;
				CLANG_WARN_UNGUARDED_AVAILABILITY = YES_AGGRESSIVE;
				CLANG_WARN_UNREACHABLE_CODE = YES;
				CLANG_WARN__DUPLICATE_METHOD_MATCH = YES;
				COPY_PHASE_STRIP = NO;
				DEBUG_INFORMATION_FORMAT = dwarf;
				ENABLE_STRICT_OBJC_MSGSEND = YES;
				ENABLE_TESTABILITY = YES;
				ENABLE_USER_SCRIPT_SANDBOXING = YES;
				GCC_C_LANGUAGE_STANDARD = gnu17;
				GCC_DYNAMIC_NO_PIC = NO;
				GCC_NO_COMMON_BLOCKS = YES;
				GCC_OPTIMIZATION_LEVEL = 0;
				GCC_PREPROCESSOR_DEFINITIONS = (
					"DEBUG=1",
					"$(inherited)",
				);
				GCC_WARN_64_TO_32_BIT_CONVERSION = YES;
				GCC_WARN_ABOUT_RETURN_TYPE = YES_ERROR;
				GCC_WARN_UNDECLARED_SELECTOR = YES;
				GCC_WARN_UNINITIALIZED_AUTOS = YES_AGGRESSIVE;
				GCC_WARN_UNUSED_FUNCTION = YES;
				GCC_WARN_UNUSED_VARIABLE = YES;
				IPHONEOS_DEPLOYMENT_TARGET = 17.0;
				LOCALIZATION_PREFERS_STRING_CATALOGS = YES;
				MTL_ENABLE_DEBUG_INFO = INCLUDE_SOURCE;
				MTL_FAST_MATH = YES;
				ONLY_ACTIVE_ARCH = YES;
				SDKROOT = iphoneos;
				SWIFT_ACTIVE_COMPILATION_CONDITIONS = "DEBUG $(inherited)";
				SWIFT_OPTIMIZATION_LEVEL = "-Onone";
			};
			name = Debug;
		};
		72148DC32B168B94009F2F23 /* Release */ = {
			isa = XCBuildConfiguration;
			buildSettings = {
				ALWAYS_SEARCH_USER_PATHS = NO;
				ASSETCATALOG_COMPILER_GENERATE_SWIFT_ASSET_SYMBOL_EXTENSIONS = YES;
				CLANG_ANALYZER_NONNULL = YES;
				CLANG_ANALYZER_NUMBER_OBJECT_CONVERSION = YES_AGGRESSIVE;
				CLANG_CXX_LANGUAGE_STANDARD = "gnu++20";
				CLANG_ENABLE_MODULES = YES;
				CLANG_ENABLE_OBJC_ARC = YES;
				CLANG_ENABLE_OBJC_WEAK = YES;
				CLANG_WARN_BLOCK_CAPTURE_AUTORELEASING = YES;
				CLANG_WARN_BOOL_CONVERSION = YES;
				CLANG_WARN_COMMA = YES;
				CLANG_WARN_CONSTANT_CONVERSION = YES;
				CLANG_WARN_DEPRECATED_OBJC_IMPLEMENTATIONS = YES;
				CLANG_WARN_DIRECT_OBJC_ISA_USAGE = YES_ERROR;
				CLANG_WARN_DOCUMENTATION_COMMENTS = YES;
				CLANG_WARN_EMPTY_BODY = YES;
				CLANG_WARN_ENUM_CONVERSION = YES;
				CLANG_WARN_INFINITE_RECURSION = YES;
				CLANG_WARN_INT_CONVERSION = YES;
				CLANG_WARN_NON_LITERAL_NULL_CONVERSION = YES;
				CLANG_WARN_OBJC_IMPLICIT_RETAIN_SELF = YES;
				CLANG_WARN_OBJC_LITERAL_CONVERSION = YES;
				CLANG_WARN_OBJC_ROOT_CLASS = YES_ERROR;
				CLANG_WARN_QUOTED_INCLUDE_IN_FRAMEWORK_HEADER = YES;
				CLANG_WARN_RANGE_LOOP_ANALYSIS = YES;
				CLANG_WARN_STRICT_PROTOTYPES = YES;
				CLANG_WARN_SUSPICIOUS_MOVE = YES;
				CLANG_WARN_UNGUARDED_AVAILABILITY = YES_AGGRESSIVE;
				CLANG_WARN_UNREACHABLE_CODE = YES;
				CLANG_WARN__DUPLICATE_METHOD_MATCH = YES;
				COPY_PHASE_STRIP = NO;
				DEBUG_INFORMATION_FORMAT = "dwarf-with-dsym";
				ENABLE_NS_ASSERTIONS = NO;
				ENABLE_STRICT_OBJC_MSGSEND = YES;
				ENABLE_USER_SCRIPT_SANDBOXING = YES;
				GCC_C_LANGUAGE_STANDARD = gnu17;
				GCC_NO_COMMON_BLOCKS = YES;
				GCC_WARN_64_TO_32_BIT_CONVERSION = YES;
				GCC_WARN_ABOUT_RETURN_TYPE = YES_ERROR;
				GCC_WARN_UNDECLARED_SELECTOR = YES;
				GCC_WARN_UNINITIALIZED_AUTOS = YES_AGGRESSIVE;
				GCC_WARN_UNUSED_FUNCTION = YES;
				GCC_WARN_UNUSED_VARIABLE = YES;
				IPHONEOS_DEPLOYMENT_TARGET = 17.0;
				LOCALIZATION_PREFERS_STRING_CATALOGS = YES;
				MTL_ENABLE_DEBUG_INFO = NO;
				MTL_FAST_MATH = YES;
				SDKROOT = iphoneos;
				SWIFT_COMPILATION_MODE = wholemodule;
				VALIDATE_PRODUCT = YES;
			};
			name = Release;
		};
		72148DC52B168B94009F2F23 /* Debug */ = {
			isa = XCBuildConfiguration;
			buildSettings = {
				ASSETCATALOG_COMPILER_APPICON_NAME = AppIcon;
				ASSETCATALOG_COMPILER_GLOBAL_ACCENT_COLOR_NAME = AccentColor;
				CODE_SIGN_STYLE = Automatic;
				CURRENT_PROJECT_VERSION = 1;
				DEVELOPMENT_ASSET_PATHS = "\"IESB2023-iOS-TrabModulo2/Preview Content\"";
				DEVELOPMENT_TEAM = XZ58L7C9XB;
				ENABLE_PREVIEWS = YES;
				GENERATE_INFOPLIST_FILE = YES;
				INFOPLIST_KEY_UIApplicationSceneManifest_Generation = YES;
				INFOPLIST_KEY_UIApplicationSupportsIndirectInputEvents = YES;
				INFOPLIST_KEY_UILaunchScreen_Generation = YES;
				INFOPLIST_KEY_UISupportedInterfaceOrientations_iPad = "UIInterfaceOrientationPortrait UIInterfaceOrientationPortraitUpsideDown UIInterfaceOrientationLandscapeLeft UIInterfaceOrientationLandscapeRight";
				INFOPLIST_KEY_UISupportedInterfaceOrientations_iPhone = "UIInterfaceOrientationPortrait UIInterfaceOrientationLandscapeLeft UIInterfaceOrientationLandscapeRight";
				LD_RUNPATH_SEARCH_PATHS = (
					"$(inherited)",
					"@executable_path/Frameworks",
				);
				MARKETING_VERSION = 1.0;
				PRODUCT_BUNDLE_IDENTIFIER = "br.com.mozbra.trabmod2.IESB2023-iOS-TrabModulo2";
				PRODUCT_NAME = "$(TARGET_NAME)";
				SWIFT_EMIT_LOC_STRINGS = YES;
				SWIFT_VERSION = 5.0;
				TARGETED_DEVICE_FAMILY = "1,2";
			};
			name = Debug;
		};
		72148DC62B168B94009F2F23 /* Release */ = {
			isa = XCBuildConfiguration;
			buildSettings = {
				ASSETCATALOG_COMPILER_APPICON_NAME = AppIcon;
				ASSETCATALOG_COMPILER_GLOBAL_ACCENT_COLOR_NAME = AccentColor;
				CODE_SIGN_STYLE = Automatic;
				CURRENT_PROJECT_VERSION = 1;
				DEVELOPMENT_ASSET_PATHS = "\"IESB2023-iOS-TrabModulo2/Preview Content\"";
				DEVELOPMENT_TEAM = XZ58L7C9XB;
				ENABLE_PREVIEWS = YES;
				GENERATE_INFOPLIST_FILE = YES;
				INFOPLIST_KEY_UIApplicationSceneManifest_Generation = YES;
				INFOPLIST_KEY_UIApplicationSupportsIndirectInputEvents = YES;
				INFOPLIST_KEY_UILaunchScreen_Generation = YES;
				INFOPLIST_KEY_UISupportedInterfaceOrientations_iPad = "UIInterfaceOrientationPortrait UIInterfaceOrientationPortraitUpsideDown UIInterfaceOrientationLandscapeLeft UIInterfaceOrientationLandscapeRight";
				INFOPLIST_KEY_UISupportedInterfaceOrientations_iPhone = "UIInterfaceOrientationPortrait UIInterfaceOrientationLandscapeLeft UIInterfaceOrientationLandscapeRight";
				LD_RUNPATH_SEARCH_PATHS = (
					"$(inherited)",
					"@executable_path/Frameworks",
				);
				MARKETING_VERSION = 1.0;
				PRODUCT_BUNDLE_IDENTIFIER = "br.com.mozbra.trabmod2.IESB2023-iOS-TrabModulo2";
				PRODUCT_NAME = "$(TARGET_NAME)";
				SWIFT_EMIT_LOC_STRINGS = YES;
				SWIFT_VERSION = 5.0;
				TARGETED_DEVICE_FAMILY = "1,2";
			};
			name = Release;
		};
		72148DC82B168B94009F2F23 /* Debug */ = {
			isa = XCBuildConfiguration;
			buildSettings = {
				ALWAYS_EMBED_SWIFT_STANDARD_LIBRARIES = YES;
				BUNDLE_LOADER = "$(TEST_HOST)";
				CODE_SIGN_STYLE = Automatic;
				CURRENT_PROJECT_VERSION = 1;
				DEVELOPMENT_TEAM = XZ58L7C9XB;
				GENERATE_INFOPLIST_FILE = YES;
				IPHONEOS_DEPLOYMENT_TARGET = 17.0;
				MARKETING_VERSION = 1.0;
				PRODUCT_BUNDLE_IDENTIFIER = "br.com.mozbra.trabmod2.IESB2023-iOS-TrabModulo2Tests";
				PRODUCT_NAME = "$(TARGET_NAME)";
				SWIFT_EMIT_LOC_STRINGS = NO;
				SWIFT_VERSION = 5.0;
				TARGETED_DEVICE_FAMILY = "1,2";
				TEST_HOST = "$(BUILT_PRODUCTS_DIR)/IESB2023-iOS-TrabModulo2.app/$(BUNDLE_EXECUTABLE_FOLDER_PATH)/IESB2023-iOS-TrabModulo2";
			};
			name = Debug;
		};
		72148DC92B168B94009F2F23 /* Release */ = {
			isa = XCBuildConfiguration;
			buildSettings = {
				ALWAYS_EMBED_SWIFT_STANDARD_LIBRARIES = YES;
				BUNDLE_LOADER = "$(TEST_HOST)";
				CODE_SIGN_STYLE = Automatic;
				CURRENT_PROJECT_VERSION = 1;
				DEVELOPMENT_TEAM = XZ58L7C9XB;
				GENERATE_INFOPLIST_FILE = YES;
				IPHONEOS_DEPLOYMENT_TARGET = 17.0;
				MARKETING_VERSION = 1.0;
				PRODUCT_BUNDLE_IDENTIFIER = "br.com.mozbra.trabmod2.IESB2023-iOS-TrabModulo2Tests";
				PRODUCT_NAME = "$(TARGET_NAME)";
				SWIFT_EMIT_LOC_STRINGS = NO;
				SWIFT_VERSION = 5.0;
				TARGETED_DEVICE_FAMILY = "1,2";
				TEST_HOST = "$(BUILT_PRODUCTS_DIR)/IESB2023-iOS-TrabModulo2.app/$(BUNDLE_EXECUTABLE_FOLDER_PATH)/IESB2023-iOS-TrabModulo2";
			};
			name = Release;
		};
		72148DCB2B168B94009F2F23 /* Debug */ = {
			isa = XCBuildConfiguration;
			buildSettings = {
				ALWAYS_EMBED_SWIFT_STANDARD_LIBRARIES = YES;
				CODE_SIGN_STYLE = Automatic;
				CURRENT_PROJECT_VERSION = 1;
				DEVELOPMENT_TEAM = XZ58L7C9XB;
				GENERATE_INFOPLIST_FILE = YES;
				MARKETING_VERSION = 1.0;
				PRODUCT_BUNDLE_IDENTIFIER = "br.com.mozbra.trabmod2.IESB2023-iOS-TrabModulo2UITests";
				PRODUCT_NAME = "$(TARGET_NAME)";
				SWIFT_EMIT_LOC_STRINGS = NO;
				SWIFT_VERSION = 5.0;
				TARGETED_DEVICE_FAMILY = "1,2";
				TEST_TARGET_NAME = "IESB2023-iOS-TrabModulo2";
			};
			name = Debug;
		};
		72148DCC2B168B94009F2F23 /* Release */ = {
			isa = XCBuildConfiguration;
			buildSettings = {
				ALWAYS_EMBED_SWIFT_STANDARD_LIBRARIES = YES;
				CODE_SIGN_STYLE = Automatic;
				CURRENT_PROJECT_VERSION = 1;
				DEVELOPMENT_TEAM = XZ58L7C9XB;
				GENERATE_INFOPLIST_FILE = YES;
				MARKETING_VERSION = 1.0;
				PRODUCT_BUNDLE_IDENTIFIER = "br.com.mozbra.trabmod2.IESB2023-iOS-TrabModulo2UITests";
				PRODUCT_NAME = "$(TARGET_NAME)";
				SWIFT_EMIT_LOC_STRINGS = NO;
				SWIFT_VERSION = 5.0;
				TARGETED_DEVICE_FAMILY = "1,2";
				TEST_TARGET_NAME = "IESB2023-iOS-TrabModulo2";
			};
			name = Release;
		};
/* End XCBuildConfiguration section */

/* Begin XCConfigurationList section */
		72148D962B168B92009F2F23 /* Build configuration list for PBXProject "IESB2023-iOS-TrabModulo2" */ = {
			isa = XCConfigurationList;
			buildConfigurations = (
				72148DC22B168B94009F2F23 /* Debug */,
				72148DC32B168B94009F2F23 /* Release */,
			);
			defaultConfigurationIsVisible = 0;
			defaultConfigurationName = Release;
		};
		72148DC42B168B94009F2F23 /* Build configuration list for PBXNativeTarget "IESB2023-iOS-TrabModulo2" */ = {
			isa = XCConfigurationList;
			buildConfigurations = (
				72148DC52B168B94009F2F23 /* Debug */,
				72148DC62B168B94009F2F23 /* Release */,
			);
			defaultConfigurationIsVisible = 0;
			defaultConfigurationName = Release;
		};
		72148DC72B168B94009F2F23 /* Build configuration list for PBXNativeTarget "IESB2023-iOS-TrabModulo2Tests" */ = {
			isa = XCConfigurationList;
			buildConfigurations = (
				72148DC82B168B94009F2F23 /* Debug */,
				72148DC92B168B94009F2F23 /* Release */,
			);
			defaultConfigurationIsVisible = 0;
			defaultConfigurationName = Release;
		};
		72148DCA2B168B94009F2F23 /* Build configuration list for PBXNativeTarget "IESB2023-iOS-TrabModulo2UITests" */ = {
			isa = XCConfigurationList;
			buildConfigurations = (
				72148DCB2B168B94009F2F23 /* Debug */,
				72148DCC2B168B94009F2F23 /* Release */,
			);
			defaultConfigurationIsVisible = 0;
			defaultConfigurationName = Release;
		};
/* End XCConfigurationList section */

/* Begin XCVersionGroup section */
		72148DA92B168B94009F2F23 /* IESB2023_iOS_TrabModulo2.xcdatamodeld */ = {
			isa = XCVersionGroup;
			children = (
				72148DAA2B168B94009F2F23 /* IESB2023_iOS_TrabModulo2.xcdatamodel */,
			);
			currentVersion = 72148DAA2B168B94009F2F23 /* IESB2023_iOS_TrabModulo2.xcdatamodel */;
			path = IESB2023_iOS_TrabModulo2.xcdatamodeld;
			sourceTree = "<group>";
			versionGroupType = wrapper.xcdatamodel;
		};
/* End XCVersionGroup section */
	};
	rootObject = 72148D932B168B92009F2F23 /* Project object */;
}
